
Microsoft Visual Studio Solution File, Format Version 12.00
# Visual Studio Version 17
VisualStudioVersion = 17.3.32929.385
MinimumVisualStudioVersion = 10.0.40219.1
Project("{FAE04EC0-301F-11D3-BF4B-00C04F79EFBC}") = "Chapter7", "Chapter7\Chapter7.csproj", "{0C190A36-9D7C-4796-B91D-DD89C8249208}"
EndProject
Project("{FAE04EC0-301F-11D3-BF4B-00C04F79EFBC}") = "Exceptions", "Exceptions\Exceptions.csproj", "{B6B42250-3B87-40AE-954B-3CAA0152BAD1}"
EndProject
Project("{FAE04EC0-301F-11D3-BF4B-00C04F79EFBC}") = "Interfaces", "Interfaces\Interfaces.csproj", "{36DFD93E-EAF4-4A63-9ABF-45C1ECAC454E}"
EndProject
Project("{FAE04EC0-301F-11D3-BF4B-00C04F79EFBC}") = "Generics", "Generics\Generics.csproj", "{2022C785-B597-4425-BE2B-5CA807E599DB}"
EndProject
Project("{FAE04EC0-301F-11D3-BF4B-00C04F79EFBC}") = "Generics2", "Generics2\Generics2.csproj", "{13BC2708-91F7-4DFC-B1F5-0CC08EA422EF}"
EndProject
Project("{FAE04EC0-301F-11D3-BF4B-00C04F79EFBC}") = "Generics3", "Generics3\Generics3.csproj", "{F4AA3375-B038-4251-9643-0951145F6E96}"
EndProject
Global
	GlobalSection(SolutionConfigurationPlatforms) = preSolution
		Debug|Any CPU = Debug|Any CPU
		Release|Any CPU = Release|Any CPU
	EndGlobalSection
	GlobalSection(ProjectConfigurationPlatforms) = postSolution
		{0C190A36-9D7C-4796-B91D-DD89C8249208}.Debug|Any CPU.ActiveCfg = Debug|Any CPU
		{0C190A36-9D7C-4796-B91D-DD89C8249208}.Debug|Any CPU.Build.0 = Debug|Any CPU
		{0C190A36-9D7C-4796-B91D-DD89C8249208}.Release|Any CPU.ActiveCfg = Release|Any CPU
		{0C190A36-9D7C-4796-B91D-DD89C8249208}.Release|Any CPU.Build.0 = Release|Any CPU
		{B6B42250-3B87-40AE-954B-3CAA0152BAD1}.Debug|Any CPU.ActiveCfg = Debug|Any CPU
		{B6B42250-3B87-40AE-954B-3CAA0152BAD1}.Debug|Any CPU.Build.0 = Debug|Any CPU
		{B6B42250-3B87-40AE-954B-3CAA0152BAD1}.Release|Any CPU.ActiveCfg = Release|Any CPU
		{B6B42250-3B87-40AE-954B-3CAA0152BAD1}.Release|Any CPU.Build.0 = Release|Any CPU
		{36DFD93E-EAF4-4A63-9ABF-45C1ECAC454E}.Debug|Any CPU.ActiveCfg = Debug|Any CPU
		{36DFD93E-EAF4-4A63-9ABF-45C1ECAC454E}.Debug|Any CPU.Build.0 = Debug|Any CPU
		{36DFD93E-EAF4-4A63-9ABF-45C1ECAC454E}.Release|Any CPU.ActiveCfg = Release|Any CPU
		{36DFD93E-EAF4-4A63-9ABF-45C1ECAC454E}.Release|Any CPU.Build.0 = Release|Any CPU
		{2022C785-B597-4425-BE2B-5CA807E599DB}.Debug|Any CPU.ActiveCfg = Debug|Any CPU
		{2022C785-B597-4425-BE2B-5CA807E599DB}.Debug|Any CPU.Build.0 = Debug|Any CPU
		{2022C785-B597-4425-BE2B-5CA807E599DB}.Release|Any CPU.ActiveCfg = Release|Any CPU
		{2022C785-B597-4425-BE2B-5CA807E599DB}.Release|Any CPU.Build.0 = Release|Any CPU
		{13BC2708-91F7-4DFC-B1F5-0CC08EA422EF}.Debug|Any CPU.ActiveCfg = Debug|Any CPU
		{13BC2708-91F7-4DFC-B1F5-0CC08EA422EF}.Debug|Any CPU.Build.0 = Debug|Any CPU
		{13BC2708-91F7-4DFC-B1F5-0CC08EA422EF}.Release|Any CPU.ActiveCfg = Release|Any CPU
		{13BC2708-91F7-4DFC-B1F5-0CC08EA422EF}.Release|Any CPU.Build.0 = Release|Any CPU
		{F4AA3375-B038-4251-9643-0951145F6E96}.Debug|Any CPU.ActiveCfg = Debug|Any CPU
		{F4AA3375-B038-4251-9643-0951145F6E96}.Debug|Any CPU.Build.0 = Debug|Any CPU
		{F4AA3375-B038-4251-9643-0951145F6E96}.Release|Any CPU.ActiveCfg = Release|Any CPU
		{F4AA3375-B038-4251-9643-0951145F6E96}.Release|Any CPU.Build.0 = Release|Any CPU
	EndGlobalSection
	GlobalSection(SolutionProperties) = preSolution
		HideSolutionNode = FALSE
	EndGlobalSection
	GlobalSection(ExtensibilityGlobals) = postSolution
		SolutionGuid = {8DC93BB9-A57B-4191-8F95-F1D311816553}
	EndGlobalSection
EndGlobal
